
Microsoft Visual Studio Solution File, Format Version 12.00
# Visual Studio Version 17
VisualStudioVersion = 17.8.34309.116
MinimumVisualStudioVersion = 10.0.40219.1
Project("{FAE04EC0-301F-11D3-BF4B-00C04F79EFBC}") = "MvcMovie", "MvcMovie\MvcMovie.csproj", "{DB785463-9FCD-4FE4-B8DA-7847E7DAF782}"
EndProject
Global
	GlobalSection(SolutionConfigurationPlatforms) = preSolution
		Debug|Any CPU = Debug|Any CPU
		Release|Any CPU = Release|Any CPU
	EndGlobalSection
	GlobalSection(ProjectConfigurationPlatforms) = postSolution
		{DB785463-9FCD-4FE4-B8DA-7847E7DAF782}.Debug|Any CPU.ActiveCfg = Debug|Any CPU
		{DB785463-9FCD-4FE4-B8DA-7847E7DAF782}.Debug|Any CPU.Build.0 = Debug|Any CPU
		{DB785463-9FCD-4FE4-B8DA-7847E7DAF782}.Release|Any CPU.ActiveCfg = Release|Any CPU
		{DB785463-9FCD-4FE4-B8DA-7847E7DAF782}.Release|Any CPU.Build.0 = Release|Any CPU
	EndGlobalSection
	GlobalSection(SolutionProperties) = preSolution
		HideSolutionNode = FALSE
	EndGlobalSection
	GlobalSection(ExtensibilityGlobals) = postSolution
		SolutionGuid = {CCF1F474-46DD-499E-B364-A233C5A41DA5}
	EndGlobalSection
EndGlobal
